
Microsoft Visual Studio Solution File, Format Version 12.00
# Visual Studio Version 17
VisualStudioVersion = 17.5.002.0
MinimumVisualStudioVersion = 10.0.40219.1
Project("{9A19103F-16F7-4668-BE54-9A1E7A4F7556}") = "Additional", "Additional.csproj", "{136F9405-D6BD-4539-81EE-BCAAD9C6BDF6}"
EndProject
Global
	GlobalSection(SolutionConfigurationPlatforms) = preSolution
		Debug|Any CPU = Debug|Any CPU
		Release|Any CPU = Release|Any CPU
	EndGlobalSection
	GlobalSection(ProjectConfigurationPlatforms) = postSolution
		{136F9405-D6BD-4539-81EE-BCAAD9C6BDF6}.Debug|Any CPU.ActiveCfg = Debug|Any CPU
		{136F9405-D6BD-4539-81EE-BCAAD9C6BDF6}.Debug|Any CPU.Build.0 = Debug|Any CPU
		{136F9405-D6BD-4539-81EE-BCAAD9C6BDF6}.Release|Any CPU.ActiveCfg = Release|Any CPU
		{136F9405-D6BD-4539-81EE-BCAAD9C6BDF6}.Release|Any CPU.Build.0 = Release|Any CPU
	EndGlobalSection
	GlobalSection(SolutionProperties) = preSolution
		HideSolutionNode = FALSE
	EndGlobalSection
	GlobalSection(ExtensibilityGlobals) = postSolution
		SolutionGuid = {4CB84A97-0D8D-49EC-8EBD-67F910004265}
	EndGlobalSection
EndGlobal
