
Microsoft Visual Studio Solution File, Format Version 12.00
# Visual Studio Version 17
VisualStudioVersion = 17.5.002.0
MinimumVisualStudioVersion = 10.0.40219.1
Project("{9A19103F-16F7-4668-BE54-9A1E7A4F7556}") = "new", "new.csproj", "{D3BFD1D2-0CCE-4276-8C35-76365C53ED73}"
EndProject
Global
	GlobalSection(SolutionConfigurationPlatforms) = preSolution
		Debug|Any CPU = Debug|Any CPU
		Release|Any CPU = Release|Any CPU
	EndGlobalSection
	GlobalSection(ProjectConfigurationPlatforms) = postSolution
		{D3BFD1D2-0CCE-4276-8C35-76365C53ED73}.Debug|Any CPU.ActiveCfg = Debug|Any CPU
		{D3BFD1D2-0CCE-4276-8C35-76365C53ED73}.Debug|Any CPU.Build.0 = Debug|Any CPU
		{D3BFD1D2-0CCE-4276-8C35-76365C53ED73}.Release|Any CPU.ActiveCfg = Release|Any CPU
		{D3BFD1D2-0CCE-4276-8C35-76365C53ED73}.Release|Any CPU.Build.0 = Release|Any CPU
	EndGlobalSection
	GlobalSection(SolutionProperties) = preSolution
		HideSolutionNode = FALSE
	EndGlobalSection
	GlobalSection(ExtensibilityGlobals) = postSolution
		SolutionGuid = {DDCD2063-FB71-4B70-8EBC-C4217A614BD2}
	EndGlobalSection
EndGlobal
