
Microsoft Visual Studio Solution File, Format Version 12.00
# Visual Studio Version 17
VisualStudioVersion = 17.5.002.0
MinimumVisualStudioVersion = 10.0.40219.1
Project("{9A19103F-16F7-4668-BE54-9A1E7A4F7556}") = "LastDop", "LastDop.csproj", "{650E509D-E845-4C00-8640-9A146D9B10DA}"
EndProject
Global
	GlobalSection(SolutionConfigurationPlatforms) = preSolution
		Debug|Any CPU = Debug|Any CPU
		Release|Any CPU = Release|Any CPU
	EndGlobalSection
	GlobalSection(ProjectConfigurationPlatforms) = postSolution
		{650E509D-E845-4C00-8640-9A146D9B10DA}.Debug|Any CPU.ActiveCfg = Debug|Any CPU
		{650E509D-E845-4C00-8640-9A146D9B10DA}.Debug|Any CPU.Build.0 = Debug|Any CPU
		{650E509D-E845-4C00-8640-9A146D9B10DA}.Release|Any CPU.ActiveCfg = Release|Any CPU
		{650E509D-E845-4C00-8640-9A146D9B10DA}.Release|Any CPU.Build.0 = Release|Any CPU
	EndGlobalSection
	GlobalSection(SolutionProperties) = preSolution
		HideSolutionNode = FALSE
	EndGlobalSection
	GlobalSection(ExtensibilityGlobals) = postSolution
		SolutionGuid = {791125EB-26C9-4A06-8044-C0040F802ABA}
	EndGlobalSection
EndGlobal
