
Microsoft Visual Studio Solution File, Format Version 12.00
# Visual Studio Version 17
VisualStudioVersion = 17.5.002.0
MinimumVisualStudioVersion = 10.0.40219.1
Project("{9A19103F-16F7-4668-BE54-9A1E7A4F7556}") = "Lab7.2", "Lab7.2.csproj", "{A17A4B38-C002-41E9-A1F8-B0FB2343C94B}"
EndProject
Global
	GlobalSection(SolutionConfigurationPlatforms) = preSolution
		Debug|Any CPU = Debug|Any CPU
		Release|Any CPU = Release|Any CPU
	EndGlobalSection
	GlobalSection(ProjectConfigurationPlatforms) = postSolution
		{A17A4B38-C002-41E9-A1F8-B0FB2343C94B}.Debug|Any CPU.ActiveCfg = Debug|Any CPU
		{A17A4B38-C002-41E9-A1F8-B0FB2343C94B}.Debug|Any CPU.Build.0 = Debug|Any CPU
		{A17A4B38-C002-41E9-A1F8-B0FB2343C94B}.Release|Any CPU.ActiveCfg = Release|Any CPU
		{A17A4B38-C002-41E9-A1F8-B0FB2343C94B}.Release|Any CPU.Build.0 = Release|Any CPU
	EndGlobalSection
	GlobalSection(SolutionProperties) = preSolution
		HideSolutionNode = FALSE
	EndGlobalSection
	GlobalSection(ExtensibilityGlobals) = postSolution
		SolutionGuid = {1C885C47-A43B-4CD0-98D7-FBFB5C5B31CD}
	EndGlobalSection
EndGlobal
